PODS:
  - Flutter (1.0.0)
  - flutter_plugin_battery (0.0.1):
    - Flutter

DEPENDENCIES:
  - Flutter (from `Flutter`)
  - flutter_plugin_battery (from `.symlinks/plugins/flutter_plugin_battery/ios`)

EXTERNAL SOURCES:
  Flutter:
    :path: Flutter
  flutter_plugin_battery:
    :path: ".symlinks/plugins/flutter_plugin_battery/ios"

SPEC CHECKSUMS:
  Flutter: 434fef37c0980e73bb6479ef766c45957d4b510c
  flutter_plugin_battery: 1bdc69543430ca226350345c63c6dc75152be362

PODFILE CHECKSUM: aafe91acc616949ddb318b77800a7f51bffa2a4c

COCOAPODS: 1.10.1
